
Microsoft Visual Studio Solution File, Format Version 12.00
# Visual Studio Version 16
VisualStudioVersion = 16.0.30611.23
MinimumVisualStudioVersion = 10.0.40219.1
Project("{9A19103F-16F7-4668-BE54-9A1E7A4F7556}") = "API", "API\API.csproj", "{EFBF4FC6-4909-4ACF-A567-2C02693BF7C0}"
EndProject
Project("{9A19103F-16F7-4668-BE54-9A1E7A4F7556}") = "StringEncryption", "StringEncryption\StringEncryption.csproj", "{D60A170C-AE6C-490F-99E0-2DD46BF4F456}"
EndProject
Project("{FAE04EC0-301F-11D3-BF4B-00C04F79EFBC}") = "Encryptions", "Encryptions\Encryptions.csproj", "{04DB364E-5F7F-4184-B911-811EFDAAB2F6}"
EndProject
Global
	GlobalSection(SolutionConfigurationPlatforms) = preSolution
		Debug|Any CPU = Debug|Any CPU
		Release|Any CPU = Release|Any CPU
	EndGlobalSection
	GlobalSection(ProjectConfigurationPlatforms) = postSolution
		{EFBF4FC6-4909-4ACF-A567-2C02693BF7C0}.Debug|Any CPU.ActiveCfg = Debug|Any CPU
		{EFBF4FC6-4909-4ACF-A567-2C02693BF7C0}.Debug|Any CPU.Build.0 = Debug|Any CPU
		{EFBF4FC6-4909-4ACF-A567-2C02693BF7C0}.Release|Any CPU.ActiveCfg = Release|Any CPU
		{EFBF4FC6-4909-4ACF-A567-2C02693BF7C0}.Release|Any CPU.Build.0 = Release|Any CPU
		{D60A170C-AE6C-490F-99E0-2DD46BF4F456}.Debug|Any CPU.ActiveCfg = Debug|Any CPU
		{D60A170C-AE6C-490F-99E0-2DD46BF4F456}.Debug|Any CPU.Build.0 = Debug|Any CPU
		{D60A170C-AE6C-490F-99E0-2DD46BF4F456}.Release|Any CPU.ActiveCfg = Release|Any CPU
		{D60A170C-AE6C-490F-99E0-2DD46BF4F456}.Release|Any CPU.Build.0 = Release|Any CPU
		{04DB364E-5F7F-4184-B911-811EFDAAB2F6}.Debug|Any CPU.ActiveCfg = Debug|Any CPU
		{04DB364E-5F7F-4184-B911-811EFDAAB2F6}.Debug|Any CPU.Build.0 = Debug|Any CPU
		{04DB364E-5F7F-4184-B911-811EFDAAB2F6}.Release|Any CPU.ActiveCfg = Release|Any CPU
		{04DB364E-5F7F-4184-B911-811EFDAAB2F6}.Release|Any CPU.Build.0 = Release|Any CPU
	EndGlobalSection
	GlobalSection(SolutionProperties) = preSolution
		HideSolutionNode = FALSE
	EndGlobalSection
	GlobalSection(ExtensibilityGlobals) = postSolution
		SolutionGuid = {C8CBE9BE-6DAD-419B-8205-10E490FA8C88}
	EndGlobalSection
EndGlobal
